
Microsoft Visual Studio Solution File, Format Version 12.00
# Visual Studio 2012
Project("{FAE04EC0-301F-11D3-BF4B-00C04F79EFBC}") = "1. Class student", "1. Class student\1. Class student.csproj", "{3EC3426D-746B-4F07-8989-143A78BA9FE4}"
EndProject
Global
	GlobalSection(SolutionConfigurationPlatforms) = preSolution
		Debug|Any CPU = Debug|Any CPU
		Release|Any CPU = Release|Any CPU
	EndGlobalSection
	GlobalSection(ProjectConfigurationPlatforms) = postSolution
		{3EC3426D-746B-4F07-8989-143A78BA9FE4}.Debug|Any CPU.ActiveCfg = Debug|Any CPU
		{3EC3426D-746B-4F07-8989-143A78BA9FE4}.Debug|Any CPU.Build.0 = Debug|Any CPU
		{3EC3426D-746B-4F07-8989-143A78BA9FE4}.Release|Any CPU.ActiveCfg = Release|Any CPU
		{3EC3426D-746B-4F07-8989-143A78BA9FE4}.Release|Any CPU.Build.0 = Release|Any CPU
	EndGlobalSection
	GlobalSection(SolutionProperties) = preSolution
		HideSolutionNode = FALSE
	EndGlobalSection
EndGlobal
