
Microsoft Visual Studio Solution File, Format Version 12.00
# Visual Studio 2012
Project("{FAE04EC0-301F-11D3-BF4B-00C04F79EFBC}") = "1. Melons and watermelons", "1. Melons and watermelons\1. Melons and watermelons.csproj", "{AD71CF95-D045-43C4-A229-F7A041FC25A2}"
EndProject
Project("{FAE04EC0-301F-11D3-BF4B-00C04F79EFBC}") = "2. Letters symbols numbers", "2. Letters symbols numbers\2. Letters symbols numbers.csproj", "{C269F862-9892-4DC8-BAC1-C4CA0C967900}"
EndProject
Project("{FAE04EC0-301F-11D3-BF4B-00C04F79EFBC}") = "3. Panda Scotland Flag", "3. Panda Scotland Flag\3. Panda Scotland Flag.csproj", "{D1AADE7E-69CE-4DCD-B8BD-5B9BC5305ACD}"
EndProject
Global
	GlobalSection(SolutionConfigurationPlatforms) = preSolution
		Debug|Any CPU = Debug|Any CPU
		Release|Any CPU = Release|Any CPU
	EndGlobalSection
	GlobalSection(ProjectConfigurationPlatforms) = postSolution
		{AD71CF95-D045-43C4-A229-F7A041FC25A2}.Debug|Any CPU.ActiveCfg = Debug|Any CPU
		{AD71CF95-D045-43C4-A229-F7A041FC25A2}.Debug|Any CPU.Build.0 = Debug|Any CPU
		{AD71CF95-D045-43C4-A229-F7A041FC25A2}.Release|Any CPU.ActiveCfg = Release|Any CPU
		{AD71CF95-D045-43C4-A229-F7A041FC25A2}.Release|Any CPU.Build.0 = Release|Any CPU
		{C269F862-9892-4DC8-BAC1-C4CA0C967900}.Debug|Any CPU.ActiveCfg = Debug|Any CPU
		{C269F862-9892-4DC8-BAC1-C4CA0C967900}.Debug|Any CPU.Build.0 = Debug|Any CPU
		{C269F862-9892-4DC8-BAC1-C4CA0C967900}.Release|Any CPU.ActiveCfg = Release|Any CPU
		{C269F862-9892-4DC8-BAC1-C4CA0C967900}.Release|Any CPU.Build.0 = Release|Any CPU
		{D1AADE7E-69CE-4DCD-B8BD-5B9BC5305ACD}.Debug|Any CPU.ActiveCfg = Debug|Any CPU
		{D1AADE7E-69CE-4DCD-B8BD-5B9BC5305ACD}.Debug|Any CPU.Build.0 = Debug|Any CPU
		{D1AADE7E-69CE-4DCD-B8BD-5B9BC5305ACD}.Release|Any CPU.ActiveCfg = Release|Any CPU
		{D1AADE7E-69CE-4DCD-B8BD-5B9BC5305ACD}.Release|Any CPU.Build.0 = Release|Any CPU
	EndGlobalSection
	GlobalSection(SolutionProperties) = preSolution
		HideSolutionNode = FALSE
	EndGlobalSection
EndGlobal
