
Microsoft Visual Studio Solution File, Format Version 12.00
# Visual Studio 2012
Project("{FAE04EC0-301F-11D3-BF4B-00C04F79EFBC}") = "Custom List T", "Custom List T\Custom List T.csproj", "{7C67B37D-398C-4B65-AF1D-AD1DA4F27F84}"
EndProject
Global
	GlobalSection(SolutionConfigurationPlatforms) = preSolution
		Debug|Any CPU = Debug|Any CPU
		Release|Any CPU = Release|Any CPU
	EndGlobalSection
	GlobalSection(ProjectConfigurationPlatforms) = postSolution
		{7C67B37D-398C-4B65-AF1D-AD1DA4F27F84}.Debug|Any CPU.ActiveCfg = Debug|Any CPU
		{7C67B37D-398C-4B65-AF1D-AD1DA4F27F84}.Debug|Any CPU.Build.0 = Debug|Any CPU
		{7C67B37D-398C-4B65-AF1D-AD1DA4F27F84}.Release|Any CPU.ActiveCfg = Release|Any CPU
		{7C67B37D-398C-4B65-AF1D-AD1DA4F27F84}.Release|Any CPU.Build.0 = Release|Any CPU
	EndGlobalSection
	GlobalSection(SolutionProperties) = preSolution
		HideSolutionNode = FALSE
	EndGlobalSection
EndGlobal
