
Microsoft Visual Studio Solution File, Format Version 12.00
# Visual Studio 2012
Project("{FAE04EC0-301F-11D3-BF4B-00C04F79EFBC}") = "1. Square Root", "1. Square Root\1. Square Root.csproj", "{13DD6C3F-76AF-4E14-BED4-7FB734F79749}"
EndProject
Project("{FAE04EC0-301F-11D3-BF4B-00C04F79EFBC}") = "2. Enter Numbers", "2. Enter Numbers\2. Enter Numbers.csproj", "{5F795507-D9A6-4A42-A70E-93981E813E34}"
EndProject
Project("{FAE04EC0-301F-11D3-BF4B-00C04F79EFBC}") = "3. Exercise", "3. Exercise\3. Exercise.csproj", "{B1F87A58-0B46-48AF-A863-9EB9DC511FA5}"
EndProject
Global
	GlobalSection(SolutionConfigurationPlatforms) = preSolution
		Debug|Any CPU = Debug|Any CPU
		Release|Any CPU = Release|Any CPU
	EndGlobalSection
	GlobalSection(ProjectConfigurationPlatforms) = postSolution
		{13DD6C3F-76AF-4E14-BED4-7FB734F79749}.Debug|Any CPU.ActiveCfg = Debug|Any CPU
		{13DD6C3F-76AF-4E14-BED4-7FB734F79749}.Debug|Any CPU.Build.0 = Debug|Any CPU
		{13DD6C3F-76AF-4E14-BED4-7FB734F79749}.Release|Any CPU.ActiveCfg = Release|Any CPU
		{13DD6C3F-76AF-4E14-BED4-7FB734F79749}.Release|Any CPU.Build.0 = Release|Any CPU
		{5F795507-D9A6-4A42-A70E-93981E813E34}.Debug|Any CPU.ActiveCfg = Debug|Any CPU
		{5F795507-D9A6-4A42-A70E-93981E813E34}.Debug|Any CPU.Build.0 = Debug|Any CPU
		{5F795507-D9A6-4A42-A70E-93981E813E34}.Release|Any CPU.ActiveCfg = Release|Any CPU
		{5F795507-D9A6-4A42-A70E-93981E813E34}.Release|Any CPU.Build.0 = Release|Any CPU
		{B1F87A58-0B46-48AF-A863-9EB9DC511FA5}.Debug|Any CPU.ActiveCfg = Debug|Any CPU
		{B1F87A58-0B46-48AF-A863-9EB9DC511FA5}.Debug|Any CPU.Build.0 = Debug|Any CPU
		{B1F87A58-0B46-48AF-A863-9EB9DC511FA5}.Release|Any CPU.ActiveCfg = Release|Any CPU
		{B1F87A58-0B46-48AF-A863-9EB9DC511FA5}.Release|Any CPU.Build.0 = Release|Any CPU
	EndGlobalSection
	GlobalSection(SolutionProperties) = preSolution
		HideSolutionNode = FALSE
	EndGlobalSection
EndGlobal
